
Microsoft Visual Studio Solution File, Format Version 12.00
# Visual Studio Version 17
VisualStudioVersion = 17.8.34525.116
MinimumVisualStudioVersion = 10.0.40219.1
Project("{FAE04EC0-301F-11D3-BF4B-00C04F79EFBC}") = "Week3ifAndSwitch", "Week3ifAndSwitch\Week3ifAndSwitch.csproj", "{58CC87E8-8564-4F93-8F80-E43F3B349A60}"
EndProject
Project("{FAE04EC0-301F-11D3-BF4B-00C04F79EFBC}") = "OddOrEven", "OddOrEven\OddOrEven.csproj", "{9F64AB22-36C5-469B-8FF2-9B0A53D4BC43}"
EndProject
Project("{FAE04EC0-301F-11D3-BF4B-00C04F79EFBC}") = "IfDayOfTheWeek", "IfDayOfTheWeek\IfDayOfTheWeek.csproj", "{3412CE1A-C266-4C23-BBFC-CF229F18D6D6}"
EndProject
Project("{FAE04EC0-301F-11D3-BF4B-00C04F79EFBC}") = "SwitchDayOfTheWeek", "SwitchDayOfTheWeek\SwitchDayOfTheWeek.csproj", "{502DFEC6-20BA-4CF4-A3F9-5B71176659B0}"
EndProject
Global
	GlobalSection(SolutionConfigurationPlatforms) = preSolution
		Debug|Any CPU = Debug|Any CPU
		Release|Any CPU = Release|Any CPU
	EndGlobalSection
	GlobalSection(ProjectConfigurationPlatforms) = postSolution
		{58CC87E8-8564-4F93-8F80-E43F3B349A60}.Debug|Any CPU.ActiveCfg = Debug|Any CPU
		{58CC87E8-8564-4F93-8F80-E43F3B349A60}.Debug|Any CPU.Build.0 = Debug|Any CPU
		{58CC87E8-8564-4F93-8F80-E43F3B349A60}.Release|Any CPU.ActiveCfg = Release|Any CPU
		{58CC87E8-8564-4F93-8F80-E43F3B349A60}.Release|Any CPU.Build.0 = Release|Any CPU
		{9F64AB22-36C5-469B-8FF2-9B0A53D4BC43}.Debug|Any CPU.ActiveCfg = Debug|Any CPU
		{9F64AB22-36C5-469B-8FF2-9B0A53D4BC43}.Debug|Any CPU.Build.0 = Debug|Any CPU
		{9F64AB22-36C5-469B-8FF2-9B0A53D4BC43}.Release|Any CPU.ActiveCfg = Release|Any CPU
		{9F64AB22-36C5-469B-8FF2-9B0A53D4BC43}.Release|Any CPU.Build.0 = Release|Any CPU
		{3412CE1A-C266-4C23-BBFC-CF229F18D6D6}.Debug|Any CPU.ActiveCfg = Debug|Any CPU
		{3412CE1A-C266-4C23-BBFC-CF229F18D6D6}.Debug|Any CPU.Build.0 = Debug|Any CPU
		{3412CE1A-C266-4C23-BBFC-CF229F18D6D6}.Release|Any CPU.ActiveCfg = Release|Any CPU
		{3412CE1A-C266-4C23-BBFC-CF229F18D6D6}.Release|Any CPU.Build.0 = Release|Any CPU
		{502DFEC6-20BA-4CF4-A3F9-5B71176659B0}.Debug|Any CPU.ActiveCfg = Debug|Any CPU
		{502DFEC6-20BA-4CF4-A3F9-5B71176659B0}.Debug|Any CPU.Build.0 = Debug|Any CPU
		{502DFEC6-20BA-4CF4-A3F9-5B71176659B0}.Release|Any CPU.ActiveCfg = Release|Any CPU
		{502DFEC6-20BA-4CF4-A3F9-5B71176659B0}.Release|Any CPU.Build.0 = Release|Any CPU
	EndGlobalSection
	GlobalSection(SolutionProperties) = preSolution
		HideSolutionNode = FALSE
	EndGlobalSection
	GlobalSection(ExtensibilityGlobals) = postSolution
		SolutionGuid = {75DBF920-C582-47B3-A8C0-61D17507D2C0}
	EndGlobalSection
EndGlobal
